
Microsoft Visual Studio Solution File, Format Version 12.00
# Visual Studio 2012
Project("{FAE04EC0-301F-11D3-BF4B-00C04F79EFBC}") = "Lab10", "Lab10\Lab10.csproj", "{8A185A53-87EA-4D3E-9EAB-6971C630D3EF}"
EndProject
Global
	GlobalSection(SolutionConfigurationPlatforms) = preSolution
		Debug|Any CPU = Debug|Any CPU
		Release|Any CPU = Release|Any CPU
	EndGlobalSection
	GlobalSection(ProjectConfigurationPlatforms) = postSolution
		{8A185A53-87EA-4D3E-9EAB-6971C630D3EF}.Debug|Any CPU.ActiveCfg = Debug|Any CPU
		{8A185A53-87EA-4D3E-9EAB-6971C630D3EF}.Debug|Any CPU.Build.0 = Debug|Any CPU
		{8A185A53-87EA-4D3E-9EAB-6971C630D3EF}.Release|Any CPU.ActiveCfg = Release|Any CPU
		{8A185A53-87EA-4D3E-9EAB-6971C630D3EF}.Release|Any CPU.Build.0 = Release|Any CPU
	EndGlobalSection
	GlobalSection(SolutionProperties) = preSolution
		HideSolutionNode = FALSE
	EndGlobalSection
EndGlobal
